
Microsoft Visual Studio Solution File, Format Version 12.00
# Visual Studio Version 16
VisualStudioVersion = 16.0.30611.23
MinimumVisualStudioVersion = 15.0.26124.0
Project("{2150E333-8FDC-42A3-9474-1A3956D46DE8}") = "src", "src", "{FBFC82F7-96AC-4959-A176-C0351AA40A51}"
EndProject
Project("{FAE04EC0-301F-11D3-BF4B-00C04F79EFBC}") = "XPlan.WebApi", "XPlan.WebApi\XPlan.WebApi.csproj", "{0ED995E6-ABA3-441A-90CC-B0DCFEEED971}"
EndProject
Global
	GlobalSection(SolutionConfigurationPlatforms) = preSolution
		Debug|Any CPU = Debug|Any CPU
		Debug|x64 = Debug|x64
		Debug|x86 = Debug|x86
		Release|Any CPU = Release|Any CPU
		Release|x64 = Release|x64
		Release|x86 = Release|x86
	EndGlobalSection
	GlobalSection(ProjectConfigurationPlatforms) = postSolution
		{0ED995E6-ABA3-441A-90CC-B0DCFEEED971}.Debug|Any CPU.ActiveCfg = Debug|Any CPU
		{0ED995E6-ABA3-441A-90CC-B0DCFEEED971}.Debug|Any CPU.Build.0 = Debug|Any CPU
		{0ED995E6-ABA3-441A-90CC-B0DCFEEED971}.Debug|x64.ActiveCfg = Debug|Any CPU
		{0ED995E6-ABA3-441A-90CC-B0DCFEEED971}.Debug|x64.Build.0 = Debug|Any CPU
		{0ED995E6-ABA3-441A-90CC-B0DCFEEED971}.Debug|x86.ActiveCfg = Debug|Any CPU
		{0ED995E6-ABA3-441A-90CC-B0DCFEEED971}.Debug|x86.Build.0 = Debug|Any CPU
		{0ED995E6-ABA3-441A-90CC-B0DCFEEED971}.Release|Any CPU.ActiveCfg = Release|Any CPU
		{0ED995E6-ABA3-441A-90CC-B0DCFEEED971}.Release|Any CPU.Build.0 = Release|Any CPU
		{0ED995E6-ABA3-441A-90CC-B0DCFEEED971}.Release|x64.ActiveCfg = Release|Any CPU
		{0ED995E6-ABA3-441A-90CC-B0DCFEEED971}.Release|x64.Build.0 = Release|Any CPU
		{0ED995E6-ABA3-441A-90CC-B0DCFEEED971}.Release|x86.ActiveCfg = Release|Any CPU
		{0ED995E6-ABA3-441A-90CC-B0DCFEEED971}.Release|x86.Build.0 = Release|Any CPU
	EndGlobalSection
	GlobalSection(SolutionProperties) = preSolution
		HideSolutionNode = FALSE
	EndGlobalSection
	GlobalSection(NestedProjects) = preSolution
		{0ED995E6-ABA3-441A-90CC-B0DCFEEED971} = {FBFC82F7-96AC-4959-A176-C0351AA40A51}
	EndGlobalSection
	GlobalSection(ExtensibilityGlobals) = postSolution
		SolutionGuid = {AB3B4215-B47F-4A50-A9C8-74BF1392C100}
	EndGlobalSection
EndGlobal
