
Microsoft Visual Studio Solution File, Format Version 12.00
# Visual Studio Version 16
VisualStudioVersion = 16.0.30611.23
MinimumVisualStudioVersion = 15.0.26124.0
Project("{2150E333-8FDC-42A3-9474-1A3956D46DE8}") = "src", "src", "{FBFC82F7-96AC-4959-A176-C0351AA40A51}"
EndProject
Project("{9A19103F-16F7-4668-BE54-9A1E7A4F7556}") = "XPlan.WebApi", "XPlan.WebApi\XPlan.WebApi.csproj", "{0ED995E6-ABA3-441A-90CC-B0DCFEEED971}"
EndProject
Project("{9A19103F-16F7-4668-BE54-9A1E7A4F7556}") = "XPlan.Service.Core", "XPlan.Service\XPlan.Service.Core.csproj", "{CC84F140-6945-4373-B57A-97038116EE1E}"
EndProject
Project("{9A19103F-16F7-4668-BE54-9A1E7A4F7556}") = "XPlan.Service.Abstracts", "XPlan.Service.Abstracts\XPlan.Service.Abstracts.csproj", "{5524FF2B-D080-44CF-9C6A-70D5F8687A75}"
EndProject
Project("{9A19103F-16F7-4668-BE54-9A1E7A4F7556}") = "XPlan.Repository.Abstracts", "XPlan.Repository.Abstracts\XPlan.Repository.Abstracts.csproj", "{AF627F52-875D-4745-A3B1-83BFB495E565}"
EndProject
Project("{9A19103F-16F7-4668-BE54-9A1E7A4F7556}") = "XPlan.Repository.EntityFrameworkCore", "XPlan.Repository\XPlan.Repository.EntityFrameworkCore.csproj", "{02A16DAB-4D78-4CF8-A0FE-980374183D43}"
EndProject
Global
	GlobalSection(SolutionConfigurationPlatforms) = preSolution
		Debug|Any CPU = Debug|Any CPU
		Debug|x64 = Debug|x64
		Debug|x86 = Debug|x86
		Release|Any CPU = Release|Any CPU
		Release|x64 = Release|x64
		Release|x86 = Release|x86
	EndGlobalSection
	GlobalSection(ProjectConfigurationPlatforms) = postSolution
		{0ED995E6-ABA3-441A-90CC-B0DCFEEED971}.Debug|Any CPU.ActiveCfg = Debug|Any CPU
		{0ED995E6-ABA3-441A-90CC-B0DCFEEED971}.Debug|Any CPU.Build.0 = Debug|Any CPU
		{0ED995E6-ABA3-441A-90CC-B0DCFEEED971}.Debug|x64.ActiveCfg = Debug|Any CPU
		{0ED995E6-ABA3-441A-90CC-B0DCFEEED971}.Debug|x64.Build.0 = Debug|Any CPU
		{0ED995E6-ABA3-441A-90CC-B0DCFEEED971}.Debug|x86.ActiveCfg = Debug|Any CPU
		{0ED995E6-ABA3-441A-90CC-B0DCFEEED971}.Debug|x86.Build.0 = Debug|Any CPU
		{0ED995E6-ABA3-441A-90CC-B0DCFEEED971}.Release|Any CPU.ActiveCfg = Release|Any CPU
		{0ED995E6-ABA3-441A-90CC-B0DCFEEED971}.Release|Any CPU.Build.0 = Release|Any CPU
		{0ED995E6-ABA3-441A-90CC-B0DCFEEED971}.Release|x64.ActiveCfg = Release|Any CPU
		{0ED995E6-ABA3-441A-90CC-B0DCFEEED971}.Release|x64.Build.0 = Release|Any CPU
		{0ED995E6-ABA3-441A-90CC-B0DCFEEED971}.Release|x86.ActiveCfg = Release|Any CPU
		{0ED995E6-ABA3-441A-90CC-B0DCFEEED971}.Release|x86.Build.0 = Release|Any CPU
		{CC84F140-6945-4373-B57A-97038116EE1E}.Debug|Any CPU.ActiveCfg = Debug|Any CPU
		{CC84F140-6945-4373-B57A-97038116EE1E}.Debug|Any CPU.Build.0 = Debug|Any CPU
		{CC84F140-6945-4373-B57A-97038116EE1E}.Debug|x64.ActiveCfg = Debug|Any CPU
		{CC84F140-6945-4373-B57A-97038116EE1E}.Debug|x64.Build.0 = Debug|Any CPU
		{CC84F140-6945-4373-B57A-97038116EE1E}.Debug|x86.ActiveCfg = Debug|Any CPU
		{CC84F140-6945-4373-B57A-97038116EE1E}.Debug|x86.Build.0 = Debug|Any CPU
		{CC84F140-6945-4373-B57A-97038116EE1E}.Release|Any CPU.ActiveCfg = Release|Any CPU
		{CC84F140-6945-4373-B57A-97038116EE1E}.Release|Any CPU.Build.0 = Release|Any CPU
		{CC84F140-6945-4373-B57A-97038116EE1E}.Release|x64.ActiveCfg = Release|Any CPU
		{CC84F140-6945-4373-B57A-97038116EE1E}.Release|x64.Build.0 = Release|Any CPU
		{CC84F140-6945-4373-B57A-97038116EE1E}.Release|x86.ActiveCfg = Release|Any CPU
		{CC84F140-6945-4373-B57A-97038116EE1E}.Release|x86.Build.0 = Release|Any CPU
		{5524FF2B-D080-44CF-9C6A-70D5F8687A75}.Debug|Any CPU.ActiveCfg = Debug|Any CPU
		{5524FF2B-D080-44CF-9C6A-70D5F8687A75}.Debug|Any CPU.Build.0 = Debug|Any CPU
		{5524FF2B-D080-44CF-9C6A-70D5F8687A75}.Debug|x64.ActiveCfg = Debug|Any CPU
		{5524FF2B-D080-44CF-9C6A-70D5F8687A75}.Debug|x64.Build.0 = Debug|Any CPU
		{5524FF2B-D080-44CF-9C6A-70D5F8687A75}.Debug|x86.ActiveCfg = Debug|Any CPU
		{5524FF2B-D080-44CF-9C6A-70D5F8687A75}.Debug|x86.Build.0 = Debug|Any CPU
		{5524FF2B-D080-44CF-9C6A-70D5F8687A75}.Release|Any CPU.ActiveCfg = Release|Any CPU
		{5524FF2B-D080-44CF-9C6A-70D5F8687A75}.Release|Any CPU.Build.0 = Release|Any CPU
		{5524FF2B-D080-44CF-9C6A-70D5F8687A75}.Release|x64.ActiveCfg = Release|Any CPU
		{5524FF2B-D080-44CF-9C6A-70D5F8687A75}.Release|x64.Build.0 = Release|Any CPU
		{5524FF2B-D080-44CF-9C6A-70D5F8687A75}.Release|x86.ActiveCfg = Release|Any CPU
		{5524FF2B-D080-44CF-9C6A-70D5F8687A75}.Release|x86.Build.0 = Release|Any CPU
		{AF627F52-875D-4745-A3B1-83BFB495E565}.Debug|Any CPU.ActiveCfg = Debug|Any CPU
		{AF627F52-875D-4745-A3B1-83BFB495E565}.Debug|Any CPU.Build.0 = Debug|Any CPU
		{AF627F52-875D-4745-A3B1-83BFB495E565}.Debug|x64.ActiveCfg = Debug|Any CPU
		{AF627F52-875D-4745-A3B1-83BFB495E565}.Debug|x64.Build.0 = Debug|Any CPU
		{AF627F52-875D-4745-A3B1-83BFB495E565}.Debug|x86.ActiveCfg = Debug|Any CPU
		{AF627F52-875D-4745-A3B1-83BFB495E565}.Debug|x86.Build.0 = Debug|Any CPU
		{AF627F52-875D-4745-A3B1-83BFB495E565}.Release|Any CPU.ActiveCfg = Release|Any CPU
		{AF627F52-875D-4745-A3B1-83BFB495E565}.Release|Any CPU.Build.0 = Release|Any CPU
		{AF627F52-875D-4745-A3B1-83BFB495E565}.Release|x64.ActiveCfg = Release|Any CPU
		{AF627F52-875D-4745-A3B1-83BFB495E565}.Release|x64.Build.0 = Release|Any CPU
		{AF627F52-875D-4745-A3B1-83BFB495E565}.Release|x86.ActiveCfg = Release|Any CPU
		{AF627F52-875D-4745-A3B1-83BFB495E565}.Release|x86.Build.0 = Release|Any CPU
		{02A16DAB-4D78-4CF8-A0FE-980374183D43}.Debug|Any CPU.ActiveCfg = Debug|Any CPU
		{02A16DAB-4D78-4CF8-A0FE-980374183D43}.Debug|Any CPU.Build.0 = Debug|Any CPU
		{02A16DAB-4D78-4CF8-A0FE-980374183D43}.Debug|x64.ActiveCfg = Debug|Any CPU
		{02A16DAB-4D78-4CF8-A0FE-980374183D43}.Debug|x64.Build.0 = Debug|Any CPU
		{02A16DAB-4D78-4CF8-A0FE-980374183D43}.Debug|x86.ActiveCfg = Debug|Any CPU
		{02A16DAB-4D78-4CF8-A0FE-980374183D43}.Debug|x86.Build.0 = Debug|Any CPU
		{02A16DAB-4D78-4CF8-A0FE-980374183D43}.Release|Any CPU.ActiveCfg = Release|Any CPU
		{02A16DAB-4D78-4CF8-A0FE-980374183D43}.Release|Any CPU.Build.0 = Release|Any CPU
		{02A16DAB-4D78-4CF8-A0FE-980374183D43}.Release|x64.ActiveCfg = Release|Any CPU
		{02A16DAB-4D78-4CF8-A0FE-980374183D43}.Release|x64.Build.0 = Release|Any CPU
		{02A16DAB-4D78-4CF8-A0FE-980374183D43}.Release|x86.ActiveCfg = Release|Any CPU
		{02A16DAB-4D78-4CF8-A0FE-980374183D43}.Release|x86.Build.0 = Release|Any CPU
	EndGlobalSection
	GlobalSection(SolutionProperties) = preSolution
		HideSolutionNode = FALSE
	EndGlobalSection
	GlobalSection(NestedProjects) = preSolution
		{0ED995E6-ABA3-441A-90CC-B0DCFEEED971} = {FBFC82F7-96AC-4959-A176-C0351AA40A51}
		{CC84F140-6945-4373-B57A-97038116EE1E} = {FBFC82F7-96AC-4959-A176-C0351AA40A51}
		{5524FF2B-D080-44CF-9C6A-70D5F8687A75} = {FBFC82F7-96AC-4959-A176-C0351AA40A51}
		{AF627F52-875D-4745-A3B1-83BFB495E565} = {FBFC82F7-96AC-4959-A176-C0351AA40A51}
		{02A16DAB-4D78-4CF8-A0FE-980374183D43} = {FBFC82F7-96AC-4959-A176-C0351AA40A51}
	EndGlobalSection
	GlobalSection(ExtensibilityGlobals) = postSolution
		SolutionGuid = {AB3B4215-B47F-4A50-A9C8-74BF1392C100}
	EndGlobalSection
EndGlobal
